
Microsoft Visual Studio Solution File, Format Version 12.00
# Visual Studio Version 16
VisualStudioVersion = 16.0.32510.428
MinimumVisualStudioVersion = 10.0.40219.1
Project("{FAE04EC0-301F-11D3-BF4B-00C04F79EFBC}") = "pryBazan_LabIII_10_04", "pryBazan_LabIII_10_04.csproj", "{1DB6D22E-78FD-43EB-8F38-C6E1300F6C4D}"
EndProject
Global
	GlobalSection(SolutionConfigurationPlatforms) = preSolution
		Debug|Any CPU = Debug|Any CPU
		Release|Any CPU = Release|Any CPU
	EndGlobalSection
	GlobalSection(ProjectConfigurationPlatforms) = postSolution
		{1DB6D22E-78FD-43EB-8F38-C6E1300F6C4D}.Debug|Any CPU.ActiveCfg = Debug|Any CPU
		{1DB6D22E-78FD-43EB-8F38-C6E1300F6C4D}.Debug|Any CPU.Build.0 = Debug|Any CPU
		{1DB6D22E-78FD-43EB-8F38-C6E1300F6C4D}.Release|Any CPU.ActiveCfg = Release|Any CPU
		{1DB6D22E-78FD-43EB-8F38-C6E1300F6C4D}.Release|Any CPU.Build.0 = Release|Any CPU
	EndGlobalSection
	GlobalSection(SolutionProperties) = preSolution
		HideSolutionNode = FALSE
	EndGlobalSection
	GlobalSection(ExtensibilityGlobals) = postSolution
		SolutionGuid = {964FA46E-3557-40C6-9445-CF8657126C2C}
	EndGlobalSection
EndGlobal
